
Microsoft Visual Studio Solution File, Format Version 12.00
# Visual Studio 15
VisualStudioVersion = 15.0.28307.705
MinimumVisualStudioVersion = 10.0.40219.1
Project("{9A19103F-16F7-4668-BE54-9A1E7A4F7556}") = "Test.Web.API", "Test\Test.Web.API.csproj", "{B1DD3752-8410-49D5-AF9C-EFA9B5BDD466}"
EndProject
Project("{2150E333-8FDC-42A3-9474-1A3956D46DE8}") = "Core", "Core", "{16F21D3B-B09F-44B5-A905-5A7F63B03E62}"
EndProject
Project("{9A19103F-16F7-4668-BE54-9A1E7A4F7556}") = "Test.Data", "Test.Data\Test.Data.csproj", "{353E2A2A-8CDF-4E45-A982-F5A1AA19EE58}"
EndProject
Project("{9A19103F-16F7-4668-BE54-9A1E7A4F7556}") = "Test.Service", "Test.Service\Test.Service.csproj", "{AB6CB166-8494-4B3C-A03B-7245DFF2F3A4}"
EndProject
Project("{9A19103F-16F7-4668-BE54-9A1E7A4F7556}") = "Test.Dto", "Test.Dto\Test.Dto.csproj", "{47B980F3-E035-4D7D-A70A-DA643710ADAE}"
EndProject
Project("{FAE04EC0-301F-11D3-BF4B-00C04F79EFBC}") = "Shortener.Core", "Shorter.Core\Shortener.Core.csproj", "{CC30D7FA-ECE8-4F09-976A-222D03B71041}"
EndProject
Global
	GlobalSection(SolutionConfigurationPlatforms) = preSolution
		Debug|Any CPU = Debug|Any CPU
		Release|Any CPU = Release|Any CPU
	EndGlobalSection
	GlobalSection(ProjectConfigurationPlatforms) = postSolution
		{B1DD3752-8410-49D5-AF9C-EFA9B5BDD466}.Debug|Any CPU.ActiveCfg = Debug|Any CPU
		{B1DD3752-8410-49D5-AF9C-EFA9B5BDD466}.Debug|Any CPU.Build.0 = Debug|Any CPU
		{B1DD3752-8410-49D5-AF9C-EFA9B5BDD466}.Release|Any CPU.ActiveCfg = Release|Any CPU
		{B1DD3752-8410-49D5-AF9C-EFA9B5BDD466}.Release|Any CPU.Build.0 = Release|Any CPU
		{353E2A2A-8CDF-4E45-A982-F5A1AA19EE58}.Debug|Any CPU.ActiveCfg = Debug|Any CPU
		{353E2A2A-8CDF-4E45-A982-F5A1AA19EE58}.Debug|Any CPU.Build.0 = Debug|Any CPU
		{353E2A2A-8CDF-4E45-A982-F5A1AA19EE58}.Release|Any CPU.ActiveCfg = Release|Any CPU
		{353E2A2A-8CDF-4E45-A982-F5A1AA19EE58}.Release|Any CPU.Build.0 = Release|Any CPU
		{AB6CB166-8494-4B3C-A03B-7245DFF2F3A4}.Debug|Any CPU.ActiveCfg = Debug|Any CPU
		{AB6CB166-8494-4B3C-A03B-7245DFF2F3A4}.Debug|Any CPU.Build.0 = Debug|Any CPU
		{AB6CB166-8494-4B3C-A03B-7245DFF2F3A4}.Release|Any CPU.ActiveCfg = Release|Any CPU
		{AB6CB166-8494-4B3C-A03B-7245DFF2F3A4}.Release|Any CPU.Build.0 = Release|Any CPU
		{47B980F3-E035-4D7D-A70A-DA643710ADAE}.Debug|Any CPU.ActiveCfg = Debug|Any CPU
		{47B980F3-E035-4D7D-A70A-DA643710ADAE}.Debug|Any CPU.Build.0 = Debug|Any CPU
		{47B980F3-E035-4D7D-A70A-DA643710ADAE}.Release|Any CPU.ActiveCfg = Release|Any CPU
		{47B980F3-E035-4D7D-A70A-DA643710ADAE}.Release|Any CPU.Build.0 = Release|Any CPU
		{CC30D7FA-ECE8-4F09-976A-222D03B71041}.Debug|Any CPU.ActiveCfg = Debug|Any CPU
		{CC30D7FA-ECE8-4F09-976A-222D03B71041}.Debug|Any CPU.Build.0 = Debug|Any CPU
		{CC30D7FA-ECE8-4F09-976A-222D03B71041}.Release|Any CPU.ActiveCfg = Release|Any CPU
		{CC30D7FA-ECE8-4F09-976A-222D03B71041}.Release|Any CPU.Build.0 = Release|Any CPU
	EndGlobalSection
	GlobalSection(SolutionProperties) = preSolution
		HideSolutionNode = FALSE
	EndGlobalSection
	GlobalSection(NestedProjects) = preSolution
		{353E2A2A-8CDF-4E45-A982-F5A1AA19EE58} = {16F21D3B-B09F-44B5-A905-5A7F63B03E62}
		{AB6CB166-8494-4B3C-A03B-7245DFF2F3A4} = {16F21D3B-B09F-44B5-A905-5A7F63B03E62}
		{47B980F3-E035-4D7D-A70A-DA643710ADAE} = {16F21D3B-B09F-44B5-A905-5A7F63B03E62}
		{CC30D7FA-ECE8-4F09-976A-222D03B71041} = {16F21D3B-B09F-44B5-A905-5A7F63B03E62}
	EndGlobalSection
	GlobalSection(ExtensibilityGlobals) = postSolution
		SolutionGuid = {47F5D4E7-809A-40A9-B914-F697EDECC7B8}
	EndGlobalSection
EndGlobal
