
Microsoft Visual Studio Solution File, Format Version 12.00
# Visual Studio Version 16
VisualStudioVersion = 16.0.29020.237
MinimumVisualStudioVersion = 10.0.40219.1
Project("{9A19103F-16F7-4668-BE54-9A1E7A4F7556}") = "UrlShortener", "UrlShortener.csproj", "{CF502D92-DA23-48C6-B86E-CE61F760D34F}"
EndProject
Project("{FAE04EC0-301F-11D3-BF4B-00C04F79EFBC}") = "UrlShortener.Tests", "..\UrlShortener.Tests\UrlShortener.Tests.csproj", "{F410CFD5-9027-403A-830E-BDA2DF5CA21C}"
EndProject
Global
	GlobalSection(SolutionConfigurationPlatforms) = preSolution
		Debug|Any CPU = Debug|Any CPU
		Release|Any CPU = Release|Any CPU
	EndGlobalSection
	GlobalSection(ProjectConfigurationPlatforms) = postSolution
		{CF502D92-DA23-48C6-B86E-CE61F760D34F}.Debug|Any CPU.ActiveCfg = Debug|Any CPU
		{CF502D92-DA23-48C6-B86E-CE61F760D34F}.Debug|Any CPU.Build.0 = Debug|Any CPU
		{CF502D92-DA23-48C6-B86E-CE61F760D34F}.Release|Any CPU.ActiveCfg = Release|Any CPU
		{CF502D92-DA23-48C6-B86E-CE61F760D34F}.Release|Any CPU.Build.0 = Release|Any CPU
		{F410CFD5-9027-403A-830E-BDA2DF5CA21C}.Debug|Any CPU.ActiveCfg = Debug|Any CPU
		{F410CFD5-9027-403A-830E-BDA2DF5CA21C}.Debug|Any CPU.Build.0 = Debug|Any CPU
		{F410CFD5-9027-403A-830E-BDA2DF5CA21C}.Release|Any CPU.ActiveCfg = Release|Any CPU
		{F410CFD5-9027-403A-830E-BDA2DF5CA21C}.Release|Any CPU.Build.0 = Release|Any CPU
	EndGlobalSection
	GlobalSection(SolutionProperties) = preSolution
		HideSolutionNode = FALSE
	EndGlobalSection
	GlobalSection(ExtensibilityGlobals) = postSolution
		SolutionGuid = {A98C11DD-0148-40FD-BE12-B49308A8C732}
	EndGlobalSection
EndGlobal
