
Microsoft Visual Studio Solution File, Format Version 12.00
# Visual Studio Version 16
VisualStudioVersion = 16.0.29424.173
MinimumVisualStudioVersion = 10.0.40219.1
Project("{9A19103F-16F7-4668-BE54-9A1E7A4F7556}") = "UrlShortener.Api", "UrlShortener.Api\UrlShortener.Api.csproj", "{AABECE49-1623-4754-AF64-2EF23DC2391A}"
EndProject
Project("{9A19103F-16F7-4668-BE54-9A1E7A4F7556}") = "UrlShortener.Domain", "Urlshortener.Domain\UrlShortener.Domain.csproj", "{31C4F187-6788-4859-8617-06D8B1B8A2EE}"
EndProject
Project("{9A19103F-16F7-4668-BE54-9A1E7A4F7556}") = "UrlShortener.Infra", "UrlShortener.Infra\UrlShortener.Infra.csproj", "{7EE9A792-BFEE-421C-BDBA-E7EA666F24D0}"
EndProject
Project("{9A19103F-16F7-4668-BE54-9A1E7A4F7556}") = "UrlShortener.CrossCutting", "CrossCutting\UrlShortener.CrossCutting.csproj", "{96971120-6403-47F7-8A8C-49B696812B68}"
EndProject
Project("{FAE04EC0-301F-11D3-BF4B-00C04F79EFBC}") = "UrlShortener.Test", "UrlShortener.Test\UrlShortener.Test.csproj", "{7D03AC66-4C55-44C5-B075-60E4D92FB9A2}"
EndProject
Global
	GlobalSection(SolutionConfigurationPlatforms) = preSolution
		Debug|Any CPU = Debug|Any CPU
		Release|Any CPU = Release|Any CPU
	EndGlobalSection
	GlobalSection(ProjectConfigurationPlatforms) = postSolution
		{AABECE49-1623-4754-AF64-2EF23DC2391A}.Debug|Any CPU.ActiveCfg = Debug|Any CPU
		{AABECE49-1623-4754-AF64-2EF23DC2391A}.Debug|Any CPU.Build.0 = Debug|Any CPU
		{AABECE49-1623-4754-AF64-2EF23DC2391A}.Release|Any CPU.ActiveCfg = Release|Any CPU
		{AABECE49-1623-4754-AF64-2EF23DC2391A}.Release|Any CPU.Build.0 = Release|Any CPU
		{31C4F187-6788-4859-8617-06D8B1B8A2EE}.Debug|Any CPU.ActiveCfg = Debug|Any CPU
		{31C4F187-6788-4859-8617-06D8B1B8A2EE}.Debug|Any CPU.Build.0 = Debug|Any CPU
		{31C4F187-6788-4859-8617-06D8B1B8A2EE}.Release|Any CPU.ActiveCfg = Release|Any CPU
		{31C4F187-6788-4859-8617-06D8B1B8A2EE}.Release|Any CPU.Build.0 = Release|Any CPU
		{7EE9A792-BFEE-421C-BDBA-E7EA666F24D0}.Debug|Any CPU.ActiveCfg = Debug|Any CPU
		{7EE9A792-BFEE-421C-BDBA-E7EA666F24D0}.Debug|Any CPU.Build.0 = Debug|Any CPU
		{7EE9A792-BFEE-421C-BDBA-E7EA666F24D0}.Release|Any CPU.ActiveCfg = Release|Any CPU
		{7EE9A792-BFEE-421C-BDBA-E7EA666F24D0}.Release|Any CPU.Build.0 = Release|Any CPU
		{96971120-6403-47F7-8A8C-49B696812B68}.Debug|Any CPU.ActiveCfg = Debug|Any CPU
		{96971120-6403-47F7-8A8C-49B696812B68}.Debug|Any CPU.Build.0 = Debug|Any CPU
		{96971120-6403-47F7-8A8C-49B696812B68}.Release|Any CPU.ActiveCfg = Release|Any CPU
		{96971120-6403-47F7-8A8C-49B696812B68}.Release|Any CPU.Build.0 = Release|Any CPU
		{7D03AC66-4C55-44C5-B075-60E4D92FB9A2}.Debug|Any CPU.ActiveCfg = Debug|Any CPU
		{7D03AC66-4C55-44C5-B075-60E4D92FB9A2}.Debug|Any CPU.Build.0 = Debug|Any CPU
		{7D03AC66-4C55-44C5-B075-60E4D92FB9A2}.Release|Any CPU.ActiveCfg = Release|Any CPU
		{7D03AC66-4C55-44C5-B075-60E4D92FB9A2}.Release|Any CPU.Build.0 = Release|Any CPU
	EndGlobalSection
	GlobalSection(SolutionProperties) = preSolution
		HideSolutionNode = FALSE
	EndGlobalSection
	GlobalSection(ExtensibilityGlobals) = postSolution
		SolutionGuid = {D536D402-7E1B-4604-ADF2-6FAC27348BEE}
	EndGlobalSection
EndGlobal
